
Microsoft Visual Studio Solution File, Format Version 12.00
# Visual Studio Version 17
VisualStudioVersion = 17.11.35208.52
MinimumVisualStudioVersion = 10.0.40219.1
Project("{FAE04EC0-301F-11D3-BF4B-00C04F79EFBC}") = "PresentationLayer", "PresentationLayer\PresentationLayer.csproj", "{1B479C3B-C506-4656-A055-940505419F4A}"
EndProject
Project("{FAE04EC0-301F-11D3-BF4B-00C04F79EFBC}") = "DataAccessLayer", "DataAccessLayer\DataAccessLayer.csproj", "{B23DDE7E-A6D2-4B42-AEC5-D1818C1079A5}"
EndProject
Project("{FAE04EC0-301F-11D3-BF4B-00C04F79EFBC}") = "BusinessLogicLayer", "BusinessLogicLayer\BusinessLogicLayer.csproj", "{FEB06C79-094F-4313-BE10-E9B4FABBFFC5}"
EndProject
Project("{FAE04EC0-301F-11D3-BF4B-00C04F79EFBC}") = "EntityLayer", "EntityLayer\EntityLayer.csproj", "{EBDE4622-FD5A-4C24-9B8F-8AC05BC1DF6F}"
EndProject
Global
	GlobalSection(SolutionConfigurationPlatforms) = preSolution
		Debug|Any CPU = Debug|Any CPU
		Release|Any CPU = Release|Any CPU
	EndGlobalSection
	GlobalSection(ProjectConfigurationPlatforms) = postSolution
		{1B479C3B-C506-4656-A055-940505419F4A}.Debug|Any CPU.ActiveCfg = Debug|Any CPU
		{1B479C3B-C506-4656-A055-940505419F4A}.Debug|Any CPU.Build.0 = Debug|Any CPU
		{1B479C3B-C506-4656-A055-940505419F4A}.Release|Any CPU.ActiveCfg = Release|Any CPU
		{1B479C3B-C506-4656-A055-940505419F4A}.Release|Any CPU.Build.0 = Release|Any CPU
		{B23DDE7E-A6D2-4B42-AEC5-D1818C1079A5}.Debug|Any CPU.ActiveCfg = Debug|Any CPU
		{B23DDE7E-A6D2-4B42-AEC5-D1818C1079A5}.Debug|Any CPU.Build.0 = Debug|Any CPU
		{B23DDE7E-A6D2-4B42-AEC5-D1818C1079A5}.Release|Any CPU.ActiveCfg = Release|Any CPU
		{B23DDE7E-A6D2-4B42-AEC5-D1818C1079A5}.Release|Any CPU.Build.0 = Release|Any CPU
		{FEB06C79-094F-4313-BE10-E9B4FABBFFC5}.Debug|Any CPU.ActiveCfg = Debug|Any CPU
		{FEB06C79-094F-4313-BE10-E9B4FABBFFC5}.Debug|Any CPU.Build.0 = Debug|Any CPU
		{FEB06C79-094F-4313-BE10-E9B4FABBFFC5}.Release|Any CPU.ActiveCfg = Release|Any CPU
		{FEB06C79-094F-4313-BE10-E9B4FABBFFC5}.Release|Any CPU.Build.0 = Release|Any CPU
		{EBDE4622-FD5A-4C24-9B8F-8AC05BC1DF6F}.Debug|Any CPU.ActiveCfg = Debug|Any CPU
		{EBDE4622-FD5A-4C24-9B8F-8AC05BC1DF6F}.Debug|Any CPU.Build.0 = Debug|Any CPU
		{EBDE4622-FD5A-4C24-9B8F-8AC05BC1DF6F}.Release|Any CPU.ActiveCfg = Release|Any CPU
		{EBDE4622-FD5A-4C24-9B8F-8AC05BC1DF6F}.Release|Any CPU.Build.0 = Release|Any CPU
	EndGlobalSection
	GlobalSection(SolutionProperties) = preSolution
		HideSolutionNode = FALSE
	EndGlobalSection
	GlobalSection(ExtensibilityGlobals) = postSolution
		SolutionGuid = {58CCFFBC-DC83-43CB-B519-7417CB96F94B}
	EndGlobalSection
EndGlobal
